
Microsoft Visual Studio Solution File, Format Version 12.00
# Visual Studio Version 17
VisualStudioVersion = 17.5.33402.96
MinimumVisualStudioVersion = 10.0.40219.1
Project("{9A19103F-16F7-4668-BE54-9A1E7A4F7556}") = "MDAT", "MDAT\MDAT.csproj", "{6093459B-50D0-431E-92D9-141401CD87C5}"
EndProject
Project("{9A19103F-16F7-4668-BE54-9A1E7A4F7556}") = "MDATTests", "MDATTests\MDATTests.csproj", "{7C339B00-806F-420D-9696-76B516D9536C}"
EndProject
Project("{2150E333-8FDC-42A3-9474-1A3956D46DE8}") = "Solution Items", "Solution Items", "{FFB4D237-4A14-4E8C-BB16-0B1316FF0227}"
	ProjectSection(SolutionItems) = preProject
		.editorconfig = .editorconfig
	EndProjectSection
EndProject
Global
	GlobalSection(SolutionConfigurationPlatforms) = preSolution
		Debug|Any CPU = Debug|Any CPU
		Release|Any CPU = Release|Any CPU
	EndGlobalSection
	GlobalSection(ProjectConfigurationPlatforms) = postSolution
		{6093459B-50D0-431E-92D9-141401CD87C5}.Debug|Any CPU.ActiveCfg = Debug|Any CPU
		{6093459B-50D0-431E-92D9-141401CD87C5}.Debug|Any CPU.Build.0 = Debug|Any CPU
		{6093459B-50D0-431E-92D9-141401CD87C5}.Release|Any CPU.ActiveCfg = Release|Any CPU
		{6093459B-50D0-431E-92D9-141401CD87C5}.Release|Any CPU.Build.0 = Release|Any CPU
		{7C339B00-806F-420D-9696-76B516D9536C}.Debug|Any CPU.ActiveCfg = Debug|Any CPU
		{7C339B00-806F-420D-9696-76B516D9536C}.Debug|Any CPU.Build.0 = Debug|Any CPU
		{7C339B00-806F-420D-9696-76B516D9536C}.Release|Any CPU.ActiveCfg = Release|Any CPU
		{7C339B00-806F-420D-9696-76B516D9536C}.Release|Any CPU.Build.0 = Release|Any CPU
	EndGlobalSection
	GlobalSection(SolutionProperties) = preSolution
		HideSolutionNode = FALSE
	EndGlobalSection
	GlobalSection(ExtensibilityGlobals) = postSolution
		SolutionGuid = {DA7834DC-E161-46DF-955D-7188CEBF8470}
	EndGlobalSection
EndGlobal
